
Microsoft Visual Studio Solution File, Format Version 12.00
# Visual Studio Version 17
VisualStudioVersion = 17.13.35818.85 d17.13
MinimumVisualStudioVersion = 10.0.40219.1
Project("{FAE04EC0-301F-11D3-BF4B-00C04F79EFBC}") = "HackerNews", "HackerNews\HackerNews.csproj", "{98827B80-106F-4900-AD85-389AEE45F2FC}"
EndProject
Project("{FAE04EC0-301F-11D3-BF4B-00C04F79EFBC}") = "HackerNews.Tests", "HackerNews.Tests\HackerNews.Tests.csproj", "{5BC308A5-29DA-4D66-8B1C-EBA65EC7EC39}"
EndProject
Global
	GlobalSection(SolutionConfigurationPlatforms) = preSolution
		Debug|Any CPU = Debug|Any CPU
		Release|Any CPU = Release|Any CPU
	EndGlobalSection
	GlobalSection(ProjectConfigurationPlatforms) = postSolution
		{98827B80-106F-4900-AD85-389AEE45F2FC}.Debug|Any CPU.ActiveCfg = Debug|Any CPU
		{98827B80-106F-4900-AD85-389AEE45F2FC}.Debug|Any CPU.Build.0 = Debug|Any CPU
		{98827B80-106F-4900-AD85-389AEE45F2FC}.Release|Any CPU.ActiveCfg = Release|Any CPU
		{98827B80-106F-4900-AD85-389AEE45F2FC}.Release|Any CPU.Build.0 = Release|Any CPU
		{5BC308A5-29DA-4D66-8B1C-EBA65EC7EC39}.Debug|Any CPU.ActiveCfg = Debug|Any CPU
		{5BC308A5-29DA-4D66-8B1C-EBA65EC7EC39}.Debug|Any CPU.Build.0 = Debug|Any CPU
		{5BC308A5-29DA-4D66-8B1C-EBA65EC7EC39}.Release|Any CPU.ActiveCfg = Release|Any CPU
		{5BC308A5-29DA-4D66-8B1C-EBA65EC7EC39}.Release|Any CPU.Build.0 = Release|Any CPU
	EndGlobalSection
	GlobalSection(SolutionProperties) = preSolution
		HideSolutionNode = FALSE
	EndGlobalSection
	GlobalSection(ExtensibilityGlobals) = postSolution
		SolutionGuid = {233B40C4-980A-446F-A2FE-612F118356DA}
	EndGlobalSection
EndGlobal
